<?xml version="1.0" encoding="utf-8"?>
<Project ToolsVersion="4.0" xmlns="http://schemas.microsoft.com/developer/msbuild/2003">
  <ItemGroup>
    <Filter Include="Platform">
      <UniqueIdentifier>{2AC788B4-1694-E3BF-3FAD-D1672BD9184E}</UniqueIdentifier>
    </Filter>
    <Filter Include="Platform\Windows">
      <UniqueIdentifier>{64FBD71A-50F4-F66C-7926-DCF1657ED678}</UniqueIdentifier>
    </Filter>
    <Filter Include="Spindel">
      <UniqueIdentifier>{D42BCD05-400B-4CA1-4923-D777B581B202}</UniqueIdentifier>
    </Filter>
    <Filter Include="Spindel\Events">
      <UniqueIdentifier>{38C1E85D-248F-DC63-0D23-4D8AF98FB8C8}</UniqueIdentifier>
    </Filter>
  </ItemGroup>
  <ItemGroup>
    <ClInclude Include="src\Platform\Windows\WindowsWindow.h">
      <Filter>Platform\Windows</Filter>
    </ClInclude>
    <ClInclude Include="src\Spindel.h" />
    <ClInclude Include="src\Spindel\Application.h">
      <Filter>Spindel</Filter>
    </ClInclude>
    <ClInclude Include="src\Spindel\Core.h">
      <Filter>Spindel</Filter>
    </ClInclude>
    <ClInclude Include="src\Spindel\EntryPoint.h">
      <Filter>Spindel</Filter>
    </ClInclude>
    <ClInclude Include="src\Spindel\Events\ApplicationEvent.h">
      <Filter>Spindel\Events</Filter>
    </ClInclude>
    <ClInclude Include="src\Spindel\Events\Event.h">
      <Filter>Spindel\Events</Filter>
    </ClInclude>
    <ClInclude Include="src\Spindel\Events\KeyEvent.h">
      <Filter>Spindel\Events</Filter>
    </ClInclude>
    <ClInclude Include="src\Spindel\Events\MouseEvent.h">
      <Filter>Spindel\Events</Filter>
    </ClInclude>
    <ClInclude Include="src\Spindel\Log.h">
      <Filter>Spindel</Filter>
    </ClInclude>
    <ClInclude Include="src\Spindel\Window.h">
      <Filter>Spindel</Filter>
    </ClInclude>
    <ClInclude Include="src\sppch.h" />
  </ItemGroup>
  <ItemGroup>
    <ClCompile Include="src\Platform\Windows\WindowsWindow.cpp">
      <Filter>Platform\Windows</Filter>
    </ClCompile>
    <ClCompile Include="src\Spindel\Application.cpp">
      <Filter>Spindel</Filter>
    </ClCompile>
    <ClCompile Include="src\Spindel\Log.cpp">
      <Filter>Spindel</Filter>
    </ClCompile>
    <ClCompile Include="src\sppch.cpp" />
  </ItemGroup>
</Project>